
Microsoft Visual Studio Solution File, Format Version 12.00
# Visual Studio Version 17
VisualStudioVersion = 17.5.002.0
MinimumVisualStudioVersion = 10.0.40219.1
Project("{9A19103F-16F7-4668-BE54-9A1E7A4F7556}") = "ProductSales", "ProductSales.csproj", "{D36FB44C-EBD7-4DE8-AF17-B0F2A409DA4A}"
EndProject
Global
	GlobalSection(SolutionConfigurationPlatforms) = preSolution
		Debug|Any CPU = Debug|Any CPU
		Release|Any CPU = Release|Any CPU
	EndGlobalSection
	GlobalSection(ProjectConfigurationPlatforms) = postSolution
		{D36FB44C-EBD7-4DE8-AF17-B0F2A409DA4A}.Debug|Any CPU.ActiveCfg = Debug|Any CPU
		{D36FB44C-EBD7-4DE8-AF17-B0F2A409DA4A}.Debug|Any CPU.Build.0 = Debug|Any CPU
		{D36FB44C-EBD7-4DE8-AF17-B0F2A409DA4A}.Release|Any CPU.ActiveCfg = Release|Any CPU
		{D36FB44C-EBD7-4DE8-AF17-B0F2A409DA4A}.Release|Any CPU.Build.0 = Release|Any CPU
	EndGlobalSection
	GlobalSection(SolutionProperties) = preSolution
		HideSolutionNode = FALSE
	EndGlobalSection
	GlobalSection(ExtensibilityGlobals) = postSolution
		SolutionGuid = {2414A324-10C5-450D-9E65-0335A2E23693}
	EndGlobalSection
EndGlobal
